
Microsoft Visual Studio Solution File, Format Version 12.00
# Visual Studio Version 16
VisualStudioVersion = 16.0.29911.84
MinimumVisualStudioVersion = 10.0.40219.1
Project("{9A19103F-16F7-4668-BE54-9A1E7A4F7556}") = "Melodica", "Melodica\Melodica.csproj", "{67D894FD-EB46-487D-880B-B6F019E7D5C3}"
EndProject
Project("{2150E333-8FDC-42A3-9474-1A3956D46DE8}") = "Solution Items", "Solution Items", "{52DC39A6-FEAF-491D-8DE0-50D71432F347}"
	ProjectSection(SolutionItems) = preProject
		.editorconfig = .editorconfig
	EndProjectSection
EndProject
Global
	GlobalSection(SolutionConfigurationPlatforms) = preSolution
		Debug|x64 = Debug|x64
		Release|x64 = Release|x64
	EndGlobalSection
	GlobalSection(ProjectConfigurationPlatforms) = postSolution
		{67D894FD-EB46-487D-880B-B6F019E7D5C3}.Debug|x64.ActiveCfg = Debug|x64
		{67D894FD-EB46-487D-880B-B6F019E7D5C3}.Debug|x64.Build.0 = Debug|x64
		{67D894FD-EB46-487D-880B-B6F019E7D5C3}.Release|x64.ActiveCfg = Release|x64
		{67D894FD-EB46-487D-880B-B6F019E7D5C3}.Release|x64.Build.0 = Release|x64
	EndGlobalSection
	GlobalSection(SolutionProperties) = preSolution
		HideSolutionNode = FALSE
	EndGlobalSection
	GlobalSection(ExtensibilityGlobals) = postSolution
		SolutionGuid = {348D546E-160E-46D0-BCCC-CE6D180229B0}
	EndGlobalSection
EndGlobal
