
Microsoft Visual Studio Solution File, Format Version 12.00
# Visual Studio Version 16
VisualStudioVersion = 16.0.29418.71
MinimumVisualStudioVersion = 10.0.40219.1
Project("{9A19103F-16F7-4668-BE54-9A1E7A4F7556}") = "PokerBot", "PokerBot\PokerBot.csproj", "{1D7838A9-FD71-4D8C-9966-0685C6D8389E}"
EndProject
Global
	GlobalSection(SolutionConfigurationPlatforms) = preSolution
		Debug|Any CPU = Debug|Any CPU
		Release|Any CPU = Release|Any CPU
	EndGlobalSection
	GlobalSection(ProjectConfigurationPlatforms) = postSolution
		{1D7838A9-FD71-4D8C-9966-0685C6D8389E}.Debug|Any CPU.ActiveCfg = Debug|Any CPU
		{1D7838A9-FD71-4D8C-9966-0685C6D8389E}.Debug|Any CPU.Build.0 = Debug|Any CPU
		{1D7838A9-FD71-4D8C-9966-0685C6D8389E}.Release|Any CPU.ActiveCfg = Release|Any CPU
		{1D7838A9-FD71-4D8C-9966-0685C6D8389E}.Release|Any CPU.Build.0 = Release|Any CPU
	EndGlobalSection
	GlobalSection(SolutionProperties) = preSolution
		HideSolutionNode = FALSE
	EndGlobalSection
	GlobalSection(ExtensibilityGlobals) = postSolution
		SolutionGuid = {ACAD1075-C4BE-4DDC-944D-1BBB17C27A51}
	EndGlobalSection
EndGlobal
