
Microsoft Visual Studio Solution File, Format Version 12.00
# Visual Studio Version 16
VisualStudioVersion = 16.0.29911.84
MinimumVisualStudioVersion = 10.0.40219.1
Project("{FAE04EC0-301F-11D3-BF4B-00C04F79EFBC}") = "Suits", "Suits\Suits.csproj", "{67D894FD-EB46-487D-880B-B6F019E7D5C3}"
EndProject
Global
	GlobalSection(SolutionConfigurationPlatforms) = preSolution
		Debug|Any CPU = Debug|Any CPU
		Release|Any CPU = Release|Any CPU
	EndGlobalSection
	GlobalSection(ProjectConfigurationPlatforms) = postSolution
		{67D894FD-EB46-487D-880B-B6F019E7D5C3}.Debug|Any CPU.ActiveCfg = Debug|Any CPU
		{67D894FD-EB46-487D-880B-B6F019E7D5C3}.Debug|Any CPU.Build.0 = Debug|Any CPU
		{67D894FD-EB46-487D-880B-B6F019E7D5C3}.Release|Any CPU.ActiveCfg = Release|Any CPU
		{67D894FD-EB46-487D-880B-B6F019E7D5C3}.Release|Any CPU.Build.0 = Release|Any CPU
	EndGlobalSection
	GlobalSection(SolutionProperties) = preSolution
		HideSolutionNode = FALSE
	EndGlobalSection
	GlobalSection(ExtensibilityGlobals) = postSolution
		SolutionGuid = {348D546E-160E-46D0-BCCC-CE6D180229B0}
	EndGlobalSection
EndGlobal
