
Microsoft Visual Studio Solution File, Format Version 12.00
# Visual Studio Version 16
VisualStudioVersion = 16.0.29418.71
MinimumVisualStudioVersion = 10.0.40219.1
Project("{9A19103F-16F7-4668-BE54-9A1E7A4F7556}") = "Suits", "Suits\Suits.csproj", "{508A0671-4C3C-4491-9DB3-D8123DA53444}"
EndProject
Global
	GlobalSection(SolutionConfigurationPlatforms) = preSolution
		Debug|x64 = Debug|x64
		Release|x64 = Release|x64
	EndGlobalSection
	GlobalSection(ProjectConfigurationPlatforms) = postSolution
		{508A0671-4C3C-4491-9DB3-D8123DA53444}.Debug|x64.ActiveCfg = Debug|x64
		{508A0671-4C3C-4491-9DB3-D8123DA53444}.Debug|x64.Build.0 = Debug|x64
		{508A0671-4C3C-4491-9DB3-D8123DA53444}.Release|x64.ActiveCfg = Release|x64
		{508A0671-4C3C-4491-9DB3-D8123DA53444}.Release|x64.Build.0 = Release|x64
	EndGlobalSection
	GlobalSection(SolutionProperties) = preSolution
		HideSolutionNode = FALSE
	EndGlobalSection
	GlobalSection(ExtensibilityGlobals) = postSolution
		SolutionGuid = {ACAD1075-C4BE-4DDC-944D-1BBB17C27A51}
	EndGlobalSection
EndGlobal
